
Microsoft Visual Studio Solution File, Format Version 12.00
# Visual Studio Version 17
VisualStudioVersion = 17.4.33205.214
MinimumVisualStudioVersion = 10.0.40219.1
Project("{FAE04EC0-301F-11D3-BF4B-00C04F79EFBC}") = "WebApplication1", "WebApplication1\WebApplication1.csproj", "{883CB55F-ED9B-4511-AB5E-1B24D1F9845D}"
EndProject
Global
	GlobalSection(SolutionConfigurationPlatforms) = preSolution
		Debug|Any CPU = Debug|Any CPU
		Release|Any CPU = Release|Any CPU
	EndGlobalSection
	GlobalSection(ProjectConfigurationPlatforms) = postSolution
		{883CB55F-ED9B-4511-AB5E-1B24D1F9845D}.Debug|Any CPU.ActiveCfg = Debug|Any CPU
		{883CB55F-ED9B-4511-AB5E-1B24D1F9845D}.Debug|Any CPU.Build.0 = Debug|Any CPU
		{883CB55F-ED9B-4511-AB5E-1B24D1F9845D}.Release|Any CPU.ActiveCfg = Release|Any CPU
		{883CB55F-ED9B-4511-AB5E-1B24D1F9845D}.Release|Any CPU.Build.0 = Release|Any CPU
	EndGlobalSection
	GlobalSection(SolutionProperties) = preSolution
		HideSolutionNode = FALSE
	EndGlobalSection
	GlobalSection(ExtensibilityGlobals) = postSolution
		SolutionGuid = {D680C584-D136-4166-8FB7-C60A5C3286E3}
	EndGlobalSection
EndGlobal
